
Microsoft Visual Studio Solution File, Format Version 12.00
# Visual Studio 15
VisualStudioVersion = 15.0.28307.168
MinimumVisualStudioVersion = 10.0.40219.1
Project("{FAE04EC0-301F-11D3-BF4B-00C04F79EFBC}") = "AliasCatalog", "AliasCatalog\AliasCatalog.csproj", "{ADAD05F5-8B09-4C01-B19E-92B4A9751C6A}"
EndProject
Global
	GlobalSection(SolutionConfigurationPlatforms) = preSolution
		Debug|Any CPU = Debug|Any CPU
		Release|Any CPU = Release|Any CPU
	EndGlobalSection
	GlobalSection(ProjectConfigurationPlatforms) = postSolution
		{ADAD05F5-8B09-4C01-B19E-92B4A9751C6A}.Debug|Any CPU.ActiveCfg = Debug|Any CPU
		{ADAD05F5-8B09-4C01-B19E-92B4A9751C6A}.Debug|Any CPU.Build.0 = Debug|Any CPU
		{ADAD05F5-8B09-4C01-B19E-92B4A9751C6A}.Release|Any CPU.ActiveCfg = Release|Any CPU
		{ADAD05F5-8B09-4C01-B19E-92B4A9751C6A}.Release|Any CPU.Build.0 = Release|Any CPU
	EndGlobalSection
	GlobalSection(SolutionProperties) = preSolution
		HideSolutionNode = FALSE
	EndGlobalSection
	GlobalSection(ExtensibilityGlobals) = postSolution
		SolutionGuid = {1F9A3AFE-C0B5-49FC-9565-57B80B4B7B8D}
	EndGlobalSection
EndGlobal
