
Microsoft Visual Studio Solution File, Format Version 12.00
# Visual Studio 15
VisualStudioVersion = 15.0.28307.168
MinimumVisualStudioVersion = 10.0.40219.1
Project("{9A19103F-16F7-4668-BE54-9A1E7A4F7556}") = "AliasCatalog", "AliasCatalog\AliasCatalog.csproj", "{ADAD05F5-8B09-4C01-B19E-92B4A9751C6A}"
EndProject
Project("{FAE04EC0-301F-11D3-BF4B-00C04F79EFBC}") = "AliaCatalogWebsite", "..\..\..\OneDrive\git\AliaCatalogProject\Website\AliaCatalogWebsite\AliaCatalogWebsite.csproj", "{7F7E7B61-57B1-404C-9361-1193ACEBB4F2}"
EndProject
Project("{E53339B2-1760-4266-BCC7-CA923CBCF16C}") = "docker-compose", "docker-compose.dcproj", "{91D47AA7-8871-4DB4-9BF6-3F74DEFDBE44}"
EndProject
Global
	GlobalSection(SolutionConfigurationPlatforms) = preSolution
		Debug|Any CPU = Debug|Any CPU
		Release|Any CPU = Release|Any CPU
	EndGlobalSection
	GlobalSection(ProjectConfigurationPlatforms) = postSolution
		{ADAD05F5-8B09-4C01-B19E-92B4A9751C6A}.Debug|Any CPU.ActiveCfg = Debug|Any CPU
		{ADAD05F5-8B09-4C01-B19E-92B4A9751C6A}.Debug|Any CPU.Build.0 = Debug|Any CPU
		{ADAD05F5-8B09-4C01-B19E-92B4A9751C6A}.Release|Any CPU.ActiveCfg = Release|Any CPU
		{ADAD05F5-8B09-4C01-B19E-92B4A9751C6A}.Release|Any CPU.Build.0 = Release|Any CPU
		{7F7E7B61-57B1-404C-9361-1193ACEBB4F2}.Debug|Any CPU.ActiveCfg = Debug|Any CPU
		{7F7E7B61-57B1-404C-9361-1193ACEBB4F2}.Debug|Any CPU.Build.0 = Debug|Any CPU
		{7F7E7B61-57B1-404C-9361-1193ACEBB4F2}.Release|Any CPU.ActiveCfg = Release|Any CPU
		{7F7E7B61-57B1-404C-9361-1193ACEBB4F2}.Release|Any CPU.Build.0 = Release|Any CPU
		{91D47AA7-8871-4DB4-9BF6-3F74DEFDBE44}.Debug|Any CPU.ActiveCfg = Debug|Any CPU
		{91D47AA7-8871-4DB4-9BF6-3F74DEFDBE44}.Debug|Any CPU.Build.0 = Debug|Any CPU
		{91D47AA7-8871-4DB4-9BF6-3F74DEFDBE44}.Release|Any CPU.ActiveCfg = Release|Any CPU
		{91D47AA7-8871-4DB4-9BF6-3F74DEFDBE44}.Release|Any CPU.Build.0 = Release|Any CPU
	EndGlobalSection
	GlobalSection(SolutionProperties) = preSolution
		HideSolutionNode = FALSE
	EndGlobalSection
	GlobalSection(ExtensibilityGlobals) = postSolution
		SolutionGuid = {1F9A3AFE-C0B5-49FC-9565-57B80B4B7B8D}
	EndGlobalSection
EndGlobal
